PackratFormat: 1.4
PackratVersion: 0.5.0
RVersion: 3.6.3
Repos: CRAN=https://cloud.r-project.org

Package: BBmisc
Source: CRAN
Version: 1.11
Hash: 206dc4d65d08f491910f8837b50214ec
Requires: checkmate

Package: BH
Source: CRAN
Version: 1.72.0-3
Hash: fc53be86f0b712d3de03fef95893d710

Package: GPfit
Source: CRAN
Version: 1.0-8
Hash: 605b5743adbf56cc93d922617ec44687
Requires: lhs

Package: R6
Source: CRAN
Version: 2.4.1
Hash: b488861d8c3dfac497e041ec911df9fb

Package: RCurl
Source: CRAN
Version: 1.98-1.2
Hash: a0f856720001c4d75974c65e0aa437be
Requires: bitops

Package: Rcpp
Source: CRAN
Version: 1.0.4
Hash: ed8b47781f96c8f2509bbedd3c61e395

Package: assertthat
Source: CRAN
Version: 0.2.1
Hash: 622be49032fe50bd42e96aaef613e209

Package: backports
Source: CRAN
Version: 1.1.4
Hash: e88df919a68845e664e019570e2251b6

Package: bitops
Source: CRAN
Version: 1.0-6
Hash: 67d0775189fd0041d95abca618c5c07e

Package: callr
Source: CRAN
Version: 3.5.1
Hash: f9c95688940b93248943b187e998d743
Requires: R6, processx

Package: checkmate
Source: CRAN
Version: 1.9.4
Hash: 689511d61e6e29c8e5ce943edc8e6dfa
Requires: backports

Package: cli
Source: CRAN
Version: 2.3.0
Hash: c521101f6c0ab40d145da04ddc991693
Requires: assertthat, crayon, fansi, glue

Package: clipr
Source: CRAN
Version: 0.7.0
Hash: 30cdec6c8cc62c80c485e6bdd0c02b05

Package: config
Source: CRAN
Version: 0.3.1
Hash: 771e14360e686e2bb75e4a25e1f95cea
Requires: yaml

Package: cpp11
Source: CRAN
Version: 0.2.4
Hash: 5374c8908db1d918b1c7fc6f2ec065da

Package: crayon
Source: CRAN
Version: 1.3.4
Hash: ff2840dd9b0d563fc80377a5a45510cd

Package: desc
Source: CRAN
Version: 1.2.0
Hash: a0a3ca939997679a52816bae4ed6aaae
Requires: R6, assertthat, crayon, rprojroot

Package: digest
Source: CRAN
Version: 0.6.25
Hash: ec0a673866797c8c1fc1daa359fb4cad

Package: doParallel
Source: CRAN
Version: 1.0.16
Hash: 0bfafffe940c8fc4bc4f785018b17dde
Requires: foreach, iterators

Package: dplyr
Source: CRAN
Version: 0.8.5
Hash: 7b81844db1a93b164ddc4a83da0b1ac9
Requires: BH, R6, Rcpp, assertthat, ellipsis, glue, magrittr,
    pkgconfig, plogr, rlang, tibble, tidyselect

Package: ellipsis
Source: CRAN
Version: 0.3.0
Hash: 30b58109e4d7c6184a9c2e32f9ae38c6
Requires: rlang

Package: evaluate
Source: CRAN
Version: 0.14
Hash: 18306cc3bc1aec7b7360eea8a0eb0ee1

Package: fansi
Source: CRAN
Version: 0.4.0
Hash: f147621f72b561485bfffcae78c4f5d5

Package: foreach
Source: CRAN
Version: 1.5.1
Hash: 6dda99e5cba20abf021b0e6cfb3472df
Requires: iterators

Package: generics
Source: CRAN
Version: 0.1.0
Hash: c265031f21f6435ffaa9633eb64c3095

Package: glue
Source: CRAN
Version: 1.3.2
Hash: fb50a5bde4eab383b1307003bbac25dd

Package: hms
Source: CRAN
Version: 0.5.0
Hash: 1c6310d958f5489d17720a2d48154112
Requires: pkgconfig, rlang, vctrs

Package: iterators
Source: CRAN
Version: 1.0.13
Hash: 750adbdf6750e2dbcf2066c443d64892

Package: jsonlite
Source: CRAN
Version: 1.6.1
Hash: bfde5e6072ca0f5226f49e457a9ba62d

Package: lhs
Source: CRAN
Version: 1.1.1
Hash: 70d1f3dc58bb9b6a8a870f9729bbc9ed
Requires: Rcpp

Package: lifecycle
Source: CRAN
Version: 0.2.0
Hash: df8649860c43571aab68cc73a2a02807
Requires: glue, rlang

Package: magrittr
Source: CRAN
Version: 1.5
Hash: bdc4d48c3135e8f3b399536ddf160df4

Package: packrat
Source: CRAN
Version: 0.5.0
Hash: 498643e765d1442ba7b1160a1df3abf9

Package: pillar
Source: CRAN
Version: 1.4.2
Hash: 28ff1862b4e0c8761efca442e80a63d8
Requires: cli, crayon, fansi, rlang, utf8, vctrs

Package: pkgbuild
Source: CRAN
Version: 1.2.0
Hash: 5b2b394083875853add40c2d264523f7
Requires: R6, crayon, prettyunits, withr, rprojroot, cli, desc, callr

Package: pkgconfig
Source: CRAN
Version: 2.0.3
Hash: 5ff5f2361851a49534c96caa2a8071c7

Package: pkgload
Source: CRAN
Version: 1.1.0
Hash: a65ac8a100a65cff8e5e4a122d2a51af
Requires: crayon, rlang, rstudioapi, withr, rprojroot, cli, desc,
    pkgbuild

Package: plogr
Source: CRAN
Version: 0.2.0
Hash: 81a8008a5e7858552503935f1abe48aa

Package: plyr
Source: CRAN
Version: 1.8.4
Hash: edce681e1dc8f350185ad54812aa5cfe
Requires: Rcpp

Package: praise
Source: CRAN
Version: 1.0.0
Hash: 77da8f1df873a4b91e5c4a68fe2fb1b6

Package: prettyunits
Source: CRAN
Version: 1.1.1
Hash: 20669cd8bb8b3207f6371edf8cf510af

Package: processx
Source: CRAN
Version: 3.4.5
Hash: f136ca3e48b88288669ee4f6c2fe199a
Requires: R6, ps

Package: ps
Source: CRAN
Version: 1.5.0
Hash: 946ffa5494f6eec938430a80771832b7

Package: purrr
Source: CRAN
Version: 0.3.3
Hash: d4f497f8a97ef6c7182a87b2476748d1
Requires: magrittr, rlang

Package: rappdirs
Source: CRAN
Version: 0.3.1
Hash: 7340cfebc77ad7b107a549a8635e64dd

Package: readr
Source: CRAN
Version: 1.3.1
Hash: 554fae9fbf82ce11a80c09c19074010e
Requires: BH, R6, Rcpp, clipr, crayon, hms, tibble

Package: reticulate
Source: CRAN
Version: 1.18
Hash: f2c8fc20522e45a2c9a1e460b23ff628
Requires: Rcpp, jsonlite, rappdirs

Package: rlang
Source: CRAN
Version: 0.4.10
Hash: eb6b577ea2302f9617b010ae4f64a912

Package: rprojroot
Source: CRAN
Version: 2.0.2
Hash: bdb6a7f2b3c25b8c710615cefdde1af0
Requires: backports

Package: rstudioapi
Source: CRAN
Version: 0.13
Hash: dab1619920bed1f1660a3d48e4f7cc7f

Package: stringi
Source: CRAN
Version: 1.4.6
Hash: 076b0f115b37ca6d551ccff96b91114e

Package: stringr
Source: CRAN
Version: 1.4.0
Hash: 67da32dbb2a7a16f2ef124336358e54a
Requires: glue, magrittr, stringi

Package: testthat
Source: CRAN
Version: 3.0.1
Hash: 9df91ad687ccaf7c0993e92467c633c0
Requires: R6, crayon, digest, evaluate, magrittr, praise, rlang, withr,
    cli, ellipsis, pkgload

Package: tibble
Source: CRAN
Version: 2.1.3
Hash: f59680d81ddc45fa3fcb8c07686d1d89
Requires: cli, crayon, fansi, pillar, pkgconfig, rlang

Package: tidyr
Source: CRAN
Version: 1.0.2
Hash: f57210b5eba48eb91d8300d605e7e25f
Requires: Rcpp, dplyr, ellipsis, glue, lifecycle, magrittr, purrr,
    rlang, stringi, tibble, tidyselect, vctrs

Package: tidyselect
Source: CRAN
Version: 1.0.0
Hash: 0ba21f624978533adf670338aa3f86b4
Requires: ellipsis, glue, purrr, rlang, vctrs

Package: utf8
Source: CRAN
Version: 1.1.4
Hash: f3f97ce59092abc8ed3fd098a59e236c

Package: vctrs
Source: CRAN
Version: 0.2.4
Hash: e06451edcd80df3a07b71fe7f5d10739
Requires: digest, ellipsis, glue, rlang

Package: withr
Source: CRAN
Version: 2.4.1
Hash: 490523cef72232b12a66f0e307e4ee7e

Package: yaml
Source: CRAN
Version: 2.2.1
Hash: 424bc11cc358f23187feaa7978628196
